
Microsoft Visual Studio Solution File, Format Version 12.00
# Visual Studio Version 16
VisualStudioVersion = 16.0.30523.141
MinimumVisualStudioVersion = 10.0.40219.1
Project("{FAE04EC0-301F-11D3-BF4B-00C04F79EFBC}") = "FortniteStatTrackerMVC", "FortniteStatTrackerMVC\FortniteStatTrackerMVC.csproj", "{03D51C1C-F9CC-44A5-84CB-8C6D3ABBBF95}"
EndProject
Global
	GlobalSection(SolutionConfigurationPlatforms) = preSolution
		Debug|Any CPU = Debug|Any CPU
		Release|Any CPU = Release|Any CPU
	EndGlobalSection
	GlobalSection(ProjectConfigurationPlatforms) = postSolution
		{03D51C1C-F9CC-44A5-84CB-8C6D3ABBBF95}.Debug|Any CPU.ActiveCfg = Debug|Any CPU
		{03D51C1C-F9CC-44A5-84CB-8C6D3ABBBF95}.Debug|Any CPU.Build.0 = Debug|Any CPU
		{03D51C1C-F9CC-44A5-84CB-8C6D3ABBBF95}.Release|Any CPU.ActiveCfg = Release|Any CPU
		{03D51C1C-F9CC-44A5-84CB-8C6D3ABBBF95}.Release|Any CPU.Build.0 = Release|Any CPU
	EndGlobalSection
	GlobalSection(SolutionProperties) = preSolution
		HideSolutionNode = FALSE
	EndGlobalSection
	GlobalSection(ExtensibilityGlobals) = postSolution
		SolutionGuid = {B2B1FE8E-19EE-4340-BF8D-0659CF6DBCFD}
	EndGlobalSection
EndGlobal
